// !$*UTF8*$!
{
	archiveVersion = 1;
	classes = {
	};
	objectVersion = 46;
	objects = {

/* Begin PBXBuildFile section */
		12FE2FC0FD31E81D9BB86FB2 /* Pods_ggTest.framework in Frameworks */ = {isa = PBXBuildFile; fileRef = FB260ABE34F09A7EC297F6EC /* Pods_ggTest.framework */; };
		24F6798F1E37B427005D9813 /* AppDelegate.swift in Sources */ = {isa = PBXBuildFile; fileRef = 24F6798E1E37B427005D9813 /* AppDelegate.swift */; };
		24F679911E37B427005D9813 /* ViewController.swift in Sources */ = {isa = PBXBuildFile; fileRef = 24F679901E37B427005D9813 /* ViewController.swift */; };
		24F679941E37B427005D9813 /* Main.storyboard in Resources */ = {isa = PBXBuildFile; fileRef = 24F679921E37B427005D9813 /* Main.storyboard */; };
		24F679961E37B427005D9813 /* Assets.xcassets in Resources */ = {isa = PBXBuildFile; fileRef = 24F679951E37B427005D9813 /* Assets.xcassets */; };
		24F679991E37B427005D9813 /* LaunchScreen.storyboard in Resources */ = {isa = PBXBuildFile; fileRef = 24F679971E37B427005D9813 /* LaunchScreen.storyboard */; };
		24F679A31E380DA1005D9813 /* DetailViewController.swift in Sources */ = {isa = PBXBuildFile; fileRef = 24F679A21E380DA1005D9813 /* DetailViewController.swift */; };
		24F679A51E380F29005D9813 /* LoadData.swift in Sources */ = {isa = PBXBuildFile; fileRef = 24F679A41E380F29005D9813 /* LoadData.swift */; };
		24F679A71E380F45005D9813 /* Product.swift in Sources */ = {isa = PBXBuildFile; fileRef = 24F679A61E380F45005D9813 /* Product.swift */; };
		24F679CD1E3AE79E005D9813 /* LaunchVCViewController.swift in Sources */ = {isa = PBXBuildFile; fileRef = 24F679CC1E3AE79E005D9813 /* LaunchVCViewController.swift */; };
		24F679D11E3AF74F005D9813 /* Categories.swift in Sources */ = {isa = PBXBuildFile; fileRef = 24F679D01E3AF74F005D9813 /* Categories.swift */; };
/* End PBXBuildFile section */

/* Begin PBXFileReference section */
		24F6798B1E37B427005D9813 /* ggTest.app */ = {isa = PBXFileReference; explicitFileType = wrapper.application; includeInIndex = 0; path = ggTest.app; sourceTree = BUILT_PRODUCTS_DIR; };
		24F6798E1E37B427005D9813 /* AppDelegate.swift */ = {isa = PBXFileReference; lastKnownFileType = sourcecode.swift; path = AppDelegate.swift; sourceTree = "<group>"; };
		24F679901E37B427005D9813 /* ViewController.swift */ = {isa = PBXFileReference; lastKnownFileType = sourcecode.swift; path = ViewController.swift; sourceTree = "<group>"; };
		24F679931E37B427005D9813 /* Base */ = {isa = PBXFileReference; lastKnownFileType = file.storyboard; name = Base; path = Base.lproj/Main.storyboard; sourceTree = "<group>"; };
		24F679951E37B427005D9813 /* Assets.xcassets */ = {isa = PBXFileReference; lastKnownFileType = folder.assetcatalog; path = Assets.xcassets; sourceTree = "<group>"; };
		24F679981E37B427005D9813 /* Base */ = {isa = PBXFileReference; lastKnownFileType = file.storyboard; name = Base; path = Base.lproj/LaunchScreen.storyboard; sourceTree = "<group>"; };
		24F6799A1E37B427005D9813 /* Info.plist */ = {isa = PBXFileReference; lastKnownFileType = text.plist.xml; path = Info.plist; sourceTree = "<group>"; };
		24F679A21E380DA1005D9813 /* DetailViewController.swift */ = {isa = PBXFileReference; fileEncoding = 4; lastKnownFileType = sourcecode.swift; path = DetailViewController.swift; sourceTree = "<group>"; };
		24F679A41E380F29005D9813 /* LoadData.swift */ = {isa = PBXFileReference; fileEncoding = 4; lastKnownFileType = sourcecode.swift; path = LoadData.swift; sourceTree = "<group>"; };
		24F679A61E380F45005D9813 /* Product.swift */ = {isa = PBXFileReference; fileEncoding = 4; lastKnownFileType = sourcecode.swift; path = Product.swift; sourceTree = "<group>"; };
		24F679CC1E3AE79E005D9813 /* LaunchVCViewController.swift */ = {isa = PBXFileReference; fileEncoding = 4; lastKnownFileType = sourcecode.swift; path = LaunchVCViewController.swift; sourceTree = "<group>"; };
		24F679D01E3AF74F005D9813 /* Categories.swift */ = {isa = PBXFileReference; fileEncoding = 4; lastKnownFileType = sourcecode.swift; path = Categories.swift; sourceTree = "<group>"; };
		8FD48B1A063376FFF25310A0 /* Pods-ggTest.debug.xcconfig */ = {isa = PBXFileReference; includeInIndex = 1; lastKnownFileType = text.xcconfig; name = "Pods-ggTest.debug.xcconfig"; path = "Pods/Target Support Files/Pods-ggTest/Pods-ggTest.debug.xcconfig"; sourceTree = "<group>"; };
		A7350D73B36439B0B97A4D0B /* Pods-ggTest.release.xcconfig */ = {isa = PBXFileReference; includeInIndex = 1; lastKnownFileType = text.xcconfig; name = "Pods-ggTest.release.xcconfig"; path = "Pods/Target Support Files/Pods-ggTest/Pods-ggTest.release.xcconfig"; sourceTree = "<group>"; };
		FB260ABE34F09A7EC297F6EC /* Pods_ggTest.framework */ = {isa = PBXFileReference; explicitFileType = wrapper.framework; includeInIndex = 0; path = Pods_ggTest.framework; sourceTree = BUILT_PRODUCTS_DIR; };
/* End PBXFileReference section */

/* Begin PBXFrameworksBuildPhase section */
		24F679881E37B427005D9813 /* Frameworks */ = {
			isa = PBXFrameworksBuildPhase;
			buildActionMask = 2147483647;
			files = (
				12FE2FC0FD31E81D9BB86FB2 /* Pods_ggTest.framework in Frameworks */,
			);
			runOnlyForDeploymentPostprocessing = 0;
		};
/* End PBXFrameworksBuildPhase section */

/* Begin PBXGroup section */
		24F679821E37B426005D9813 = {
			isa = PBXGroup;
			children = (
				24F6798D1E37B427005D9813 /* ggTest */,
				24F6798C1E37B427005D9813 /* Products */,
				705A68C7DFDBB21E09E2D476 /* Pods */,
				DD7201CE13B95FA89503A597 /* Frameworks */,
			);
			sourceTree = "<group>";
		};
		24F6798C1E37B427005D9813 /* Products */ = {
			isa = PBXGroup;
			children = (
				24F6798B1E37B427005D9813 /* ggTest.app */,
			);
			name = Products;
			sourceTree = "<group>";
		};
		24F6798D1E37B427005D9813 /* ggTest */ = {
			isa = PBXGroup;
			children = (
				24F679921E37B427005D9813 /* Main.storyboard */,
				24F679951E37B427005D9813 /* Assets.xcassets */,
				24F679971E37B427005D9813 /* LaunchScreen.storyboard */,
				24F6799A1E37B427005D9813 /* Info.plist */,
				24F6798E1E37B427005D9813 /* AppDelegate.swift */,
				24F679901E37B427005D9813 /* ViewController.swift */,
				24F679D01E3AF74F005D9813 /* Categories.swift */,
				24F679CC1E3AE79E005D9813 /* LaunchVCViewController.swift */,
				24F679A21E380DA1005D9813 /* DetailViewController.swift */,
				24F679A41E380F29005D9813 /* LoadData.swift */,
				24F679A61E380F45005D9813 /* Product.swift */,
			);
			path = ggTest;
			sourceTree = "<group>";
		};
		705A68C7DFDBB21E09E2D476 /* Pods */ = {
			isa = PBXGroup;
			children = (
				8FD48B1A063376FFF25310A0 /* Pods-ggTest.debug.xcconfig */,
				A7350D73B36439B0B97A4D0B /* Pods-ggTest.release.xcconfig */,
			);
			name = Pods;
			sourceTree = "<group>";
		};
		DD7201CE13B95FA89503A597 /* Frameworks */ = {
			isa = PBXGroup;
			children = (
				FB260ABE34F09A7EC297F6EC /* Pods_ggTest.framework */,
			);
			name = Frameworks;
			sourceTree = "<group>";
		};
/* End PBXGroup section */

/* Begin PBXNativeTarget section */
		24F6798A1E37B427005D9813 /* ggTest */ = {
			isa = PBXNativeTarget;
			buildConfigurationList = 24F6799D1E37B427005D9813 /* Build configuration list for PBXNativeTarget "ggTest" */;
			buildPhases = (
				718C7BD98B7AE4258A8310D0 /* [CP] Check Pods Manifest.lock */,
				24F679871E37B427005D9813 /* Sources */,
				24F679881E37B427005D9813 /* Frameworks */,
				24F679891E37B427005D9813 /* Resources */,
				A48176C9CD3A0C7BF0168F45 /* [CP] Embed Pods Frameworks */,
				A064AF7A7C82EA9A05DB1BA5 /* [CP] Copy Pods Resources */,
			);
			buildRules = (
			);
			dependencies = (
			);
			name = ggTest;
			productName = ggTest;
			productReference = 24F6798B1E37B427005D9813 /* ggTest.app */;
			productType = "com.apple.product-type.application";
		};
/* End PBXNativeTarget section */

/* Begin PBXProject section */
		24F679831E37B426005D9813 /* Project object */ = {
			isa = PBXProject;
			attributes = {
				LastSwiftUpdateCheck = 0820;
				LastUpgradeCheck = 0820;
				ORGANIZATIONNAME = "Иван";
				TargetAttributes = {
					24F6798A1E37B427005D9813 = {
						CreatedOnToolsVersion = 8.2.1;
						DevelopmentTeam = HPGLGM5TWM;
						ProvisioningStyle = Automatic;
					};
				};
			};
			buildConfigurationList = 24F679861E37B426005D9813 /* Build configuration list for PBXProject "ggTest" */;
			compatibilityVersion = "Xcode 3.2";
			developmentRegion = English;
			hasScannedForEncodings = 0;
			knownRegions = (
				en,
				Base,
			);
			mainGroup = 24F679821E37B426005D9813;
			productRefGroup = 24F6798C1E37B427005D9813 /* Products */;
			projectDirPath = "";
			projectRoot = "";
			targets = (
				24F6798A1E37B427005D9813 /* ggTest */,
			);
		};
/* End PBXProject section */

/* Begin PBXResourcesBuildPhase section */
		24F679891E37B427005D9813 /* Resources */ = {
			isa = PBXResourcesBuildPhase;
			buildActionMask = 2147483647;
			files = (
				24F679991E37B427005D9813 /* LaunchScreen.storyboard in Resources */,
				24F679961E37B427005D9813 /* Assets.xcassets in Resources */,
				24F679941E37B427005D9813 /* Main.storyboard in Resources */,
			);
			runOnlyForDeploymentPostprocessing = 0;
		};
/* End PBXResourcesBuildPhase section */

/* Begin PBXShellScriptBuildPhase section */
		718C7BD98B7AE4258A8310D0 /* [CP] Check Pods Manifest.lock */ = {
			isa = PBXShellScriptBuildPhase;
			buildActionMask = 2147483647;
			files = (
			);
			inputPaths = (
			);
			name = "[CP] Check Pods Manifest.lock";
			outputPaths = (
			);
			runOnlyForDeploymentPostprocessing = 0;
			shellPath = /bin/sh;
			shellScript = "diff \"${PODS_ROOT}/../Podfile.lock\" \"${PODS_ROOT}/Manifest.lock\" > /dev/null\nif [ $? != 0 ] ; then\n    # print error to STDERR\n    echo \"error: The sandbox is not in sync with the Podfile.lock. Run 'pod install' or update your CocoaPods installation.\" >&2\n    exit 1\nfi\n";
			showEnvVarsInLog = 0;
		};
		A064AF7A7C82EA9A05DB1BA5 /* [CP] Copy Pods Resources */ = {
			isa = PBXShellScriptBuildPhase;
			buildActionMask = 2147483647;
			files = (
			);
			inputPaths = (
			);
			name = "[CP] Copy Pods Resources";
			outputPaths = (
			);
			runOnlyForDeploymentPostprocessing = 0;
			shellPath = /bin/sh;
			shellScript = "\"${SRCROOT}/Pods/Target Support Files/Pods-ggTest/Pods-ggTest-resources.sh\"\n";
			showEnvVarsInLog = 0;
		};
		A48176C9CD3A0C7BF0168F45 /* [CP] Embed Pods Frameworks */ = {
			isa = PBXShellScriptBuildPhase;
			buildActionMask = 2147483647;
			files = (
			);
			inputPaths = (
			);
			name = "[CP] Embed Pods Frameworks";
			outputPaths = (
			);
			runOnlyForDeploymentPostprocessing = 0;
			shellPath = /bin/sh;
			shellScript = "\"${SRCROOT}/Pods/Target Support Files/Pods-ggTest/Pods-ggTest-frameworks.sh\"\n";
			showEnvVarsInLog = 0;
		};
/* End PBXShellScriptBuildPhase section */

/* Begin PBXSourcesBuildPhase section */
		24F679871E37B427005D9813 /* Sources */ = {
			isa = PBXSourcesBuildPhase;
			buildActionMask = 2147483647;
			files = (
				24F679A31E380DA1005D9813 /* DetailViewController.swift in Sources */,
				24F679D11E3AF74F005D9813 /* Categories.swift in Sources */,
				24F679911E37B427005D9813 /* ViewController.swift in Sources */,
				24F679A71E380F45005D9813 /* Product.swift in Sources */,
				24F6798F1E37B427005D9813 /* AppDelegate.swift in Sources */,
				24F679CD1E3AE79E005D9813 /* LaunchVCViewController.swift in Sources */,
				24F679A51E380F29005D9813 /* LoadData.swift in Sources */,
			);
			runOnlyForDeploymentPostprocessing = 0;
		};
/* End PBXSourcesBuildPhase section */

/* Begin PBXVariantGroup section */
		24F679921E37B427005D9813 /* Main.storyboard */ = {
			isa = PBXVariantGroup;
			children = (
				24F679931E37B427005D9813 /* Base */,
			);
			name = Main.storyboard;
			sourceTree = "<group>";
		};
		24F679971E37B427005D9813 /* LaunchScreen.storyboard */ = {
			isa = PBXVariantGroup;
			children = (
				24F679981E37B427005D9813 /* Base */,
			);
			name = LaunchScreen.storyboard;
			sourceTree = "<group>";
		};
/* End PBXVariantGroup section */

/* Begin XCBuildConfiguration section */
		24F6799B1E37B427005D9813 /* Debug */ = {
			isa = XCBuildConfiguration;
			buildSettings = {
				ALWAYS_SEARCH_USER_PATHS = NO;
				CLANG_ANALYZER_NONNULL = YES;
				CLANG_CXX_LANGUAGE_STANDARD = "gnu++0x";
				CLANG_CXX_LIBRARY = "libc++";
				CLANG_ENABLE_MODULES = YES;
				CLANG_ENABLE_OBJC_ARC = YES;
				CLANG_WARN_BOOL_CONVERSION = YES;
				CLANG_WARN_CONSTANT_CONVERSION = YES;
				CLANG_WARN_DIRECT_OBJC_ISA_USAGE = YES_ERROR;
				CLANG_WARN_DOCUMENTATION_COMMENTS = YES;
				CLANG_WARN_EMPTY_BODY = YES;
				CLANG_WARN_ENUM_CONVERSION = YES;
				CLANG_WARN_INFINITE_RECURSION = YES;
				CLANG_WARN_INT_CONVERSION = YES;
				CLANG_WARN_OBJC_ROOT_CLASS = YES_ERROR;
				CLANG_WARN_SUSPICIOUS_MOVE = YES;
				CLANG_WARN_UNREACHABLE_CODE = YES;
				CLANG_WARN__DUPLICATE_METHOD_MATCH = YES;
				"CODE_SIGN_IDENTITY[sdk=iphoneos*]" = "iPhone Developer";
				COPY_PHASE_STRIP = NO;
				DEBUG_INFORMATION_FORMAT = dwarf;
				ENABLE_STRICT_OBJC_MSGSEND = YES;
				ENABLE_TESTABILITY = YES;
				GCC_C_LANGUAGE_STANDARD = gnu99;
				GCC_DYNAMIC_NO_PIC = NO;
				GCC_NO_COMMON_BLOCKS = YES;
				GCC_OPTIMIZATION_LEVEL = 0;
				GCC_PREPROCESSOR_DEFINITIONS = (
					"DEBUG=1",
					"$(inherited)",
				);
				GCC_WARN_64_TO_32_BIT_CONVERSION = YES;
				GCC_WARN_ABOUT_RETURN_TYPE = YES_ERROR;
				GCC_WARN_UNDECLARED_SELECTOR = YES;
				GCC_WARN_UNINITIALIZED_AUTOS = YES_AGGRESSIVE;
				GCC_WARN_UNUSED_FUNCTION = YES;
				GCC_WARN_UNUSED_VARIABLE = YES;
				IPHONEOS_DEPLOYMENT_TARGET = 10.2;
				MTL_ENABLE_DEBUG_INFO = YES;
				ONLY_ACTIVE_ARCH = YES;
				SDKROOT = iphoneos;
				SWIFT_ACTIVE_COMPILATION_CONDITIONS = DEBUG;
				SWIFT_OPTIMIZATION_LEVEL = "-Onone";
				TARGETED_DEVICE_FAMILY = "1,2";
			};
			name = Debug;
		};
		24F6799C1E37B427005D9813 /* Release */ = {
			isa = XCBuildConfiguration;
			buildSettings = {
				ALWAYS_SEARCH_USER_PATHS = NO;
				CLANG_ANALYZER_NONNULL = YES;
				CLANG_CXX_LANGUAGE_STANDARD = "gnu++0x";
				CLANG_CXX_LIBRARY = "libc++";
				CLANG_ENABLE_MODULES = YES;
				CLANG_ENABLE_OBJC_ARC = YES;
				CLANG_WARN_BOOL_CONVERSION = YES;
				CLANG_WARN_CONSTANT_CONVERSION = YES;
				CLANG_WARN_DIRECT_OBJC_ISA_USAGE = YES_ERROR;
				CLANG_WARN_DOCUMENTATION_COMMENTS = YES;
				CLANG_WARN_EMPTY_BODY = YES;
				CLANG_WARN_ENUM_CONVERSION = YES;
				CLANG_WARN_INFINITE_RECURSION = YES;
				CLANG_WARN_INT_CONVERSION = YES;
				CLANG_WARN_OBJC_ROOT_CLASS = YES_ERROR;
				CLANG_WARN_SUSPICIOUS_MOVE = YES;
				CLANG_WARN_UNREACHABLE_CODE = YES;
				CLANG_WARN__DUPLICATE_METHOD_MATCH = YES;
				"CODE_SIGN_IDENTITY[sdk=iphoneos*]" = "iPhone Developer";
				COPY_PHASE_STRIP = NO;
				DEBUG_INFORMATION_FORMAT = "dwarf-with-dsym";
				ENABLE_NS_ASSERTIONS = NO;
				ENABLE_STRICT_OBJC_MSGSEND = YES;
				GCC_C_LANGUAGE_STANDARD = gnu99;
				GCC_NO_COMMON_BLOCKS = YES;
				GCC_WARN_64_TO_32_BIT_CONVERSION = YES;
				GCC_WARN_ABOUT_RETURN_TYPE = YES_ERROR;
				GCC_WARN_UNDECLARED_SELECTOR = YES;
				GCC_WARN_UNINITIALIZED_AUTOS = YES_AGGRESSIVE;
				GCC_WARN_UNUSED_FUNCTION = YES;
				GCC_WARN_UNUSED_VARIABLE = YES;
				IPHONEOS_DEPLOYMENT_TARGET = 10.2;
				MTL_ENABLE_DEBUG_INFO = NO;
				SDKROOT = iphoneos;
				SWIFT_OPTIMIZATION_LEVEL = "-Owholemodule";
				TARGETED_DEVICE_FAMILY = "1,2";
				VALIDATE_PRODUCT = YES;
			};
			name = Release;
		};
		24F6799E1E37B427005D9813 /* Debug */ = {
			isa = XCBuildConfiguration;
			baseConfigurationReference = 8FD48B1A063376FFF25310A0 /* Pods-ggTest.debug.xcconfig */;
			buildSettings = {
				ASSETCATALOG_COMPILER_APPICON_NAME = AppIcon;
				DEVELOPMENT_TEAM = HPGLGM5TWM;
				INFOPLIST_FILE = ggTest/Info.plist;
				IPHONEOS_DEPLOYMENT_TARGET = 10.2;
				LD_RUNPATH_SEARCH_PATHS = "$(inherited) @executable_path/Frameworks";
				PRODUCT_BUNDLE_IDENTIFIER = "-.ggTest";
				PRODUCT_NAME = "$(TARGET_NAME)";
				SWIFT_VERSION = 3.0;
			};
			name = Debug;
		};
		24F6799F1E37B427005D9813 /* Release */ = {
			isa = XCBuildConfiguration;
			baseConfigurationReference = A7350D73B36439B0B97A4D0B /* Pods-ggTest.release.xcconfig */;
			buildSettings = {
				ASSETCATALOG_COMPILER_APPICON_NAME = AppIcon;
				DEVELOPMENT_TEAM = HPGLGM5TWM;
				INFOPLIST_FILE = ggTest/Info.plist;
				IPHONEOS_DEPLOYMENT_TARGET = 10.2;
				LD_RUNPATH_SEARCH_PATHS = "$(inherited) @executable_path/Frameworks";
				PRODUCT_BUNDLE_IDENTIFIER = "-.ggTest";
				PRODUCT_NAME = "$(TARGET_NAME)";
				SWIFT_VERSION = 3.0;
			};
			name = Release;
		};
/* End XCBuildConfiguration section */

/* Begin XCConfigurationList section */
		24F679861E37B426005D9813 /* Build configuration list for PBXProject "ggTest" */ = {
			isa = XCConfigurationList;
			buildConfigurations = (
				24F6799B1E37B427005D9813 /* Debug */,
				24F6799C1E37B427005D9813 /* Release */,
			);
			defaultConfigurationIsVisible = 0;
			defaultConfigurationName = Release;
		};
		24F6799D1E37B427005D9813 /* Build configuration list for PBXNativeTarget "ggTest" */ = {
			isa = XCConfigurationList;
			buildConfigurations = (
				24F6799E1E37B427005D9813 /* Debug */,
				24F6799F1E37B427005D9813 /* Release */,
			);
			defaultConfigurationIsVisible = 0;
			defaultConfigurationName = Release;
		};
/* End XCConfigurationList section */
	};
	rootObject = 24F679831E37B426005D9813 /* Project object */;
}
